<?xml version="1.0" encoding="utf-8"?>
<Project ToolsVersion="4.0" xmlns="http://schemas.microsoft.com/developer/msbuild/2003">
  <ItemGroup>
    <Filter Include="Source Files">
      <UniqueIdentifier>{4FC737F1-C7A5-4376-A066-2A32D752A2FF}</UniqueIdentifier>
      <Extensions>cpp;c;cc;cxx;def;odl;idl;hpj;bat;asm;asmx</Extensions>
    </Filter>
    <Filter Include="collada">
      <UniqueIdentifier>{93995380-89BD-4b04-88EB-625FBE52EBFB}</UniqueIdentifier>
      <Extensions>h;hpp;hxx;hm;inl;inc;xsd</Extensions>
    </Filter>
    <Filter Include="Resource Files">
      <UniqueIdentifier>{67DA6AB6-F800-4c08-8B7A-83BB121AAD01}</UniqueIdentifier>
      <Extensions>rc;ico;cur;bmp;dlg;rc2;rct;bin;rgs;gif;jpg;jpeg;jpe;resx;tiff;tif;png;wav</Extensions>
    </Filter>
  </ItemGroup>
  <ItemGroup>
    <ClCompile Include="Collada.cpp">
      <Filter>Source Files</Filter>
    </ClCompile>
    <ClCompile Include="fbxasset.cpp">
      <Filter>Source Files</Filter>
    </ClCompile>
    <ClCompile Include="fbxconverter.cpp">
      <Filter>Source Files</Filter>
    </ClCompile>
    <ClCompile Include="stdafx.cpp">
      <Filter>Source Files</Filter>
    </ClCompile>
    <ClCompile Include="TiFile.cpp">
      <Filter>Source Files</Filter>
    </ClCompile>
    <ClCompile Include="TiStream.cpp">
      <Filter>Source Files</Filter>
    </ClCompile>
    <ClCompile Include="CldLibAnimation.cpp">
      <Filter>collada</Filter>
    </ClCompile>
    <ClCompile Include="CldLibController.cpp">
      <Filter>collada</Filter>
    </ClCompile>
    <ClCompile Include="CldLibGeometry.cpp">
      <Filter>collada</Filter>
    </ClCompile>
    <ClCompile Include="CldLibImages.cpp">
      <Filter>collada</Filter>
    </ClCompile>
    <ClCompile Include="CldLibMaterial.cpp">
      <Filter>collada</Filter>
    </ClCompile>
    <ClCompile Include="CldLibParticleEffect.cpp">
      <Filter>collada</Filter>
    </ClCompile>
    <ClCompile Include="CldLibrary.cpp">
      <Filter>collada</Filter>
    </ClCompile>
    <ClCompile Include="CldLibResources.cpp">
      <Filter>collada</Filter>
    </ClCompile>
    <ClCompile Include="CldLibShaders.cpp">
      <Filter>collada</Filter>
    </ClCompile>
    <ClCompile Include="CldLibTiMaterial.cpp">
      <Filter>collada</Filter>
    </ClCompile>
    <ClCompile Include="CldLibUI.cpp">
      <Filter>collada</Filter>
    </ClCompile>
    <ClCompile Include="CldLibVisualScene.cpp">
      <Filter>collada</Filter>
    </ClCompile>
  </ItemGroup>
  <ItemGroup>
    <ClInclude Include="Collada.h">
      <Filter>Source Files</Filter>
    </ClInclude>
    <ClInclude Include="fbxasset.h">
      <Filter>Source Files</Filter>
    </ClInclude>
    <ClInclude Include="stdafx.h">
      <Filter>Source Files</Filter>
    </ClInclude>
    <ClInclude Include="targetver.h">
      <Filter>Source Files</Filter>
    </ClInclude>
    <ClInclude Include="CldLibAnimation.h">
      <Filter>collada</Filter>
    </ClInclude>
    <ClInclude Include="CldLibController.h">
      <Filter>collada</Filter>
    </ClInclude>
    <ClInclude Include="CldLibGeometry.h">
      <Filter>collada</Filter>
    </ClInclude>
    <ClInclude Include="CldLibImages.h">
      <Filter>collada</Filter>
    </ClInclude>
    <ClInclude Include="CldLibMaterial.h">
      <Filter>collada</Filter>
    </ClInclude>
    <ClInclude Include="CldLibParticleEffect.h">
      <Filter>collada</Filter>
    </ClInclude>
    <ClInclude Include="CldLibrary.h">
      <Filter>collada</Filter>
    </ClInclude>
    <ClInclude Include="CldLibResources.h">
      <Filter>collada</Filter>
    </ClInclude>
    <ClInclude Include="CldLibShaders.h">
      <Filter>collada</Filter>
    </ClInclude>
    <ClInclude Include="CldLibTiMaterial.h">
      <Filter>collada</Filter>
    </ClInclude>
    <ClInclude Include="CldLibUI.h">
      <Filter>collada</Filter>
    </ClInclude>
    <ClInclude Include="CldLibVisualScene.h">
      <Filter>collada</Filter>
    </ClInclude>
  </ItemGroup>
  <ItemGroup>
    <Text Include="ReadMe.txt" />
  </ItemGroup>
</Project>